
Microsoft Visual Studio Solution File, Format Version 12.00
# Visual Studio Version 16
VisualStudioVersion = 16.0.31019.35
MinimumVisualStudioVersion = 10.0.40219.1
Project("{FAE04EC0-301F-11D3-BF4B-00C04F79EFBC}") = "BookStore", "BookStore\BookStore.csproj", "{B0A86C0C-3BA4-45B3-9192-1B7D678A38A5}"
EndProject
Global
	GlobalSection(SolutionConfigurationPlatforms) = preSolution
		Debug|Any CPU = Debug|Any CPU
		Release|Any CPU = Release|Any CPU
	EndGlobalSection
	GlobalSection(ProjectConfigurationPlatforms) = postSolution
		{B0A86C0C-3BA4-45B3-9192-1B7D678A38A5}.Debug|Any CPU.ActiveCfg = Debug|Any CPU
		{B0A86C0C-3BA4-45B3-9192-1B7D678A38A5}.Debug|Any CPU.Build.0 = Debug|Any CPU
		{B0A86C0C-3BA4-45B3-9192-1B7D678A38A5}.Release|Any CPU.ActiveCfg = Release|Any CPU
		{B0A86C0C-3BA4-45B3-9192-1B7D678A38A5}.Release|Any CPU.Build.0 = Release|Any CPU
	EndGlobalSection
	GlobalSection(SolutionProperties) = preSolution
		HideSolutionNode = FALSE
	EndGlobalSection
	GlobalSection(ExtensibilityGlobals) = postSolution
		SolutionGuid = {748AD041-B548-4423-8940-2D918A0E5C8B}
	EndGlobalSection
EndGlobal
